
Microsoft Visual Studio Solution File, Format Version 12.00
# Visual Studio Version 17
VisualStudioVersion = 17.11.35208.52
MinimumVisualStudioVersion = 10.0.40219.1
Project("{FAE04EC0-301F-11D3-BF4B-00C04F79EFBC}") = "LibraryWebAPI", "LibraryWebAPI\LibraryWebAPI.csproj", "{D25C1458-3E8A-481E-872D-C460A89BA217}"
EndProject
Project("{FAE04EC0-301F-11D3-BF4B-00C04F79EFBC}") = "LibraryDataAccess", "LibraryDataAccess\LibraryDataAccess.csproj", "{78F44080-A5E8-4F34-B67E-8B3DFCDD33AD}"
EndProject
Project("{FAE04EC0-301F-11D3-BF4B-00C04F79EFBC}") = "Library.Tests", "Library.Tests\Library.Tests.csproj", "{D6C1782E-67D4-4D57-8152-1338A56A6D02}"
EndProject
Global
	GlobalSection(SolutionConfigurationPlatforms) = preSolution
		Debug|Any CPU = Debug|Any CPU
		Release|Any CPU = Release|Any CPU
	EndGlobalSection
	GlobalSection(ProjectConfigurationPlatforms) = postSolution
		{D25C1458-3E8A-481E-872D-C460A89BA217}.Debug|Any CPU.ActiveCfg = Debug|Any CPU
		{D25C1458-3E8A-481E-872D-C460A89BA217}.Debug|Any CPU.Build.0 = Debug|Any CPU
		{D25C1458-3E8A-481E-872D-C460A89BA217}.Release|Any CPU.ActiveCfg = Release|Any CPU
		{D25C1458-3E8A-481E-872D-C460A89BA217}.Release|Any CPU.Build.0 = Release|Any CPU
		{78F44080-A5E8-4F34-B67E-8B3DFCDD33AD}.Debug|Any CPU.ActiveCfg = Debug|Any CPU
		{78F44080-A5E8-4F34-B67E-8B3DFCDD33AD}.Debug|Any CPU.Build.0 = Debug|Any CPU
		{78F44080-A5E8-4F34-B67E-8B3DFCDD33AD}.Release|Any CPU.ActiveCfg = Release|Any CPU
		{78F44080-A5E8-4F34-B67E-8B3DFCDD33AD}.Release|Any CPU.Build.0 = Release|Any CPU
		{D6C1782E-67D4-4D57-8152-1338A56A6D02}.Debug|Any CPU.ActiveCfg = Debug|Any CPU
		{D6C1782E-67D4-4D57-8152-1338A56A6D02}.Debug|Any CPU.Build.0 = Debug|Any CPU
		{D6C1782E-67D4-4D57-8152-1338A56A6D02}.Release|Any CPU.ActiveCfg = Release|Any CPU
		{D6C1782E-67D4-4D57-8152-1338A56A6D02}.Release|Any CPU.Build.0 = Release|Any CPU
	EndGlobalSection
	GlobalSection(SolutionProperties) = preSolution
		HideSolutionNode = FALSE
	EndGlobalSection
	GlobalSection(ExtensibilityGlobals) = postSolution
		SolutionGuid = {EEA66311-F834-41B3-9087-B77F375D53BC}
	EndGlobalSection
EndGlobal
